
Microsoft Visual Studio Solution File, Format Version 12.00
# Visual Studio Version 16
VisualStudioVersion = 16.0.29403.142
MinimumVisualStudioVersion = 10.0.40219.1
Project("{8BC9CEB8-8B4A-11D0-8D11-00A0C91BC942}") = "01_Datenstrukturen", "ADS_K1_01_Datenstrukturen\ADS_K1_01_Datenstrukturen.vcxproj", "{0C84A936-A1C0-4BB4-AF4F-17B30FC2FD88}"
EndProject
Project("{8BC9CEB8-8B4A-11D0-8D11-00A0C91BC942}") = "02_StdVectorBsp", "ADS_K1_02_StdVectorBsp\ADS_K1_02_StdVectorBsp.vcxproj", "{EB41D85C-0729-46E7-86BA-CFF5996AAB32}"
EndProject
Project("{8BC9CEB8-8B4A-11D0-8D11-00A0C91BC942}") = "01_Array", "ADS_K2_01_Array\ADS_K2_01_Array.vcxproj", "{CB47654B-DEFB-4323-A3B9-9CD8351420FA}"
EndProject
Project("{8BC9CEB8-8B4A-11D0-8D11-00A0C91BC942}") = "03_Queue", "ADS_K2_03_Queue\ADS_K2_03_Queue.vcxproj", "{446FF5D2-07D8-4887-94BD-9821CD6971D8}"
EndProject
Project("{8BC9CEB8-8B4A-11D0-8D11-00A0C91BC942}") = "02_Stack", "ADS_K2_02_Stack\ADS_K2_Stack.vcxproj", "{187E40F3-A16E-45B9-9C97-58469BEBC27F}"
EndProject
Project("{8BC9CEB8-8B4A-11D0-8D11-00A0C91BC942}") = "04_PriorityQueue", "ADS_K2_04_PriorityQueue\ADS_K2_PriorityQueue.vcxproj", "{4CEC1A9B-8BA0-456E-BB3D-719D02B797C5}"
EndProject
Project("{2150E333-8FDC-42A3-9474-1A3956D46DE8}") = "ADS Kapitel 1", "ADS Kapitel 1", "{3643223D-1656-455A-872A-2AF05A32D54B}"
EndProject
Project("{2150E333-8FDC-42A3-9474-1A3956D46DE8}") = "ADS Kapitel 2", "ADS Kapitel 2", "{B1235878-B151-4CD7-BD55-74926E1537EF}"
EndProject
Project("{8BC9CEB8-8B4A-11D0-8D11-00A0C91BC942}") = "06_DoublyLinkedList", "ADS_K2_06_DoubleLinkedList\ADS_K2_06_DoubleLinkedList.vcxproj", "{1D96BA2B-2ABA-493B-A4F9-68960C9C2353}"
EndProject
Project("{8BC9CEB8-8B4A-11D0-8D11-00A0C91BC942}") = "05_LinkedList", "ADS_K2_05_LinkedList\ADS_K2_05_VerketteteListe.vcxproj", "{2C78D854-693E-49B7-9B69-39996CDB6976}"
EndProject
Project("{8BC9CEB8-8B4A-11D0-8D11-00A0C91BC942}") = "03_InsertionSort", "ADS_K1_03_InsertionSort\ADS_K1_03_InsertionSort.vcxproj", "{1803C8BA-460B-41EA-A915-7E5D643703C5}"
EndProject
Project("{8BC9CEB8-8B4A-11D0-8D11-00A0C91BC942}") = "04_MergeSort", "ADS_K1_04_MergeSort\ADS_K1_04_MergeSort.vcxproj", "{59E4E2A3-3BE1-489B-9424-352FB6A71B53}"
EndProject
Project("{2150E333-8FDC-42A3-9474-1A3956D46DE8}") = "ADS Kapitel 3", "ADS Kapitel 3", "{0F9424F1-C938-4B0A-B4C4-F5E52BB36D6C}"
EndProject
Project("{8BC9CEB8-8B4A-11D0-8D11-00A0C91BC942}") = "01_BST_Array", "ADS_K3_01_BST_Array\BST Array.vcxproj", "{9E63F90D-31C4-421C-88B5-C0AF9B1D9B6E}"
EndProject
Project("{8BC9CEB8-8B4A-11D0-8D11-00A0C91BC942}") = "02_BST_nullnode", "ADS_K3_02_BST_nullNode\ADS_K3_02_BST_nullnode.vcxproj", "{8B5B747A-29C7-4739-8728-B96188C7B251}"
EndProject
Project("{8BC9CEB8-8B4A-11D0-8D11-00A0C91BC942}") = "03_BST_nullNode_parent", "ADS_K3_03_BST_nullNode_parent\ADS_K3_03_BST_nullNode_parent.vcxproj", "{A7A43128-2C73-43AC-B471-A6B69CE7F518}"
EndProject
Project("{8BC9CEB8-8B4A-11D0-8D11-00A0C91BC942}") = "04_BST_nullptr", "ADS_K3_04_BST_nullptr\ADS_K3_04_BST_nullptr.vcxproj", "{D7CA3CC2-A666-4AB6-93BD-1DE7125C96B7}"
EndProject
Project("{8BC9CEB8-8B4A-11D0-8D11-00A0C91BC942}") = "05_BST_nullptr_parent", "ADS_K3_05_BST_nullptr_parent\ADS_K3_05_BST_nullptr_parent.vcxproj", "{6C2FC144-7D90-4FA7-9FD3-F77B8BE23E6F}"
EndProject
Project("{8BC9CEB8-8B4A-11D0-8D11-00A0C91BC942}") = "07_Uebung1_A1", "ADS_K2_07_Uebung1_A1\ADS_K2_07_Uebung1_A1.vcxproj", "{C9006539-D527-4F6E-81FD-A84571C19991}"
EndProject
Project("{8BC9CEB8-8B4A-11D0-8D11-00A0C91BC942}") = "08_Uebung1_A4", "ADS_K2_08_Uebung1_A4\ADS_K2_08_Uebung1_A4.vcxproj", "{4016FE95-DE80-4D0A-9378-C611AEC634B7}"
EndProject
Project("{8BC9CEB8-8B4A-11D0-8D11-00A0C91BC942}") = "09_Uebung2_A1", "ADS_K2_09_Uebung2_A1\Uebung2_A1.vcxproj", "{0A2C89CB-2ABE-42EA-9C7F-376387651FCD}"
EndProject
Project("{2150E333-8FDC-42A3-9474-1A3956D46DE8}") = "ADS Kapitel 4", "ADS Kapitel 4", "{8A6B8412-0B86-4B48-8FE6-45A7E5DD6B0A}"
EndProject
Project("{8BC9CEB8-8B4A-11D0-8D11-00A0C91BC942}") = "01_Fibonacci", "ADS_K4_01_Fibonacci\ADS_K4_Fibonacci.vcxproj", "{115C8BBB-F2DE-477E-8043-AEC9306675FE}"
EndProject
Project("{2150E333-8FDC-42A3-9474-1A3956D46DE8}") = "ADS Kapitel 5", "ADS Kapitel 5", "{C5295D46-938C-4785-A685-BB1D4DD8813B}"
EndProject
Project("{2150E333-8FDC-42A3-9474-1A3956D46DE8}") = "ADS Kapitel 6", "ADS Kapitel 6", "{6A1BDE1C-1C84-4552-9B27-0685A3A4FA55}"
EndProject
Project("{8BC9CEB8-8B4A-11D0-8D11-00A0C91BC942}") = "01_AVL-Tree", "ADS_K5_01_AVL-Tree\ADS_K5_01_AVL-Tree.vcxproj", "{40E24BF5-E9CD-468C-9159-92B224AF8E75}"
EndProject
Project("{8BC9CEB8-8B4A-11D0-8D11-00A0C91BC942}") = "01_SimpleSorting", "ADS_K6_01_SimpleSorting\ADS_K6_01_SimpleSorting.vcxproj", "{54FDA801-6B93-46A5-BEB9-0C7D820E4AFD}"
EndProject
Project("{8BC9CEB8-8B4A-11D0-8D11-00A0C91BC942}") = "02_FastSorting", "ADS_K6_02_FastSorting\ADS_K6_02_FastSorting.vcxproj", "{BD93534F-44CB-444A-8B8C-A4D90881E888}"
EndProject
Project("{8BC9CEB8-8B4A-11D0-8D11-00A0C91BC942}") = "06_DoublyLinkedList_solution", "ADS_K2_06_DoubleLinkedList_solution\ADS_K2_06_DoubleLinkedList_solution.vcxproj", "{BB3EE7C3-13EA-4CE1-A06B-E9727DFEE787}"
EndProject
Project("{8BC9CEB8-8B4A-11D0-8D11-00A0C91BC942}") = "09_Uebung2_A1_solution", "ADS_K2_09_Uebung2_A1_solution\Uebung2_A1_solution.vcxproj", "{88D53BAE-8EB7-4A14-9053-39875859DD0F}"
EndProject
Project("{8BC9CEB8-8B4A-11D0-8D11-00A0C91BC942}") = "02_Stack_solution", "ADS_K2_02_Stack_solution\ADS_K2_Stack_solution.vcxproj", "{4A01704F-2BDE-4301-A545-5366686A25C3}"
EndProject
Project("{8BC9CEB8-8B4A-11D0-8D11-00A0C91BC942}") = "06_Uebung3", "ADS_K3_06_Uebung3\ADS_K3_06_Uebung3.vcxproj", "{60480E41-F5C6-4A9A-81A3-DEDE438A3183}"
EndProject
Project("{8BC9CEB8-8B4A-11D0-8D11-00A0C91BC942}") = "06_Uebung3_solution", "ADS_K3_06_Uebung3_solution\ADS_K3_06_Uebung3_solution.vcxproj", "{215ECF47-739D-4A8F-9B09-3AF86C697238}"
EndProject
Project("{2150E333-8FDC-42A3-9474-1A3956D46DE8}") = "ADS Kapitel 8", "ADS Kapitel 8", "{B2C096F1-5461-466A-A8B1-BED079D99C69}"
EndProject
Project("{8BC9CEB8-8B4A-11D0-8D11-00A0C91BC942}") = "ADS_K8_01_Grad", "ADS_K8_01_Grad\ADS_K8_01_Grad.vcxproj", "{64B6C2B6-1AF8-411D-A041-D9B1C0797FAB}"
EndProject
Project("{8BC9CEB8-8B4A-11D0-8D11-00A0C91BC942}") = "ADS_K8_02_Knotenliste-in-Adjazenzliste", "ADS_K8_02_Knotenliste-in-Adjazenzliste\ADS_K8_02_Knotenliste-in-Adjazenzliste.vcxproj", "{F1F1F261-5398-4074-8BCF-FEB59673CF04}"
EndProject
Project("{8BC9CEB8-8B4A-11D0-8D11-00A0C91BC942}") = "ADS_K8_03_Tiefensuche", "ADS_K8_03_Tiefensuche\ADS_K8_03_Tiefensuche.vcxproj", "{C1615EF7-D79B-46A2-9404-42DD162EADD4}"
EndProject
Project("{8BC9CEB8-8B4A-11D0-8D11-00A0C91BC942}") = "ADS_K8_04_Breitensuche", "ADS_K8_04_Breitensuche\ADS_K8_04_Breitensuche.vcxproj", "{F2C67BBC-EC5D-4F20-8EF0-D3D2FACED51F}"
EndProject
Project("{8BC9CEB8-8B4A-11D0-8D11-00A0C91BC942}") = "ADS_K8_05_Kantengewichteter-Graph", "ADS_K8_05_Kantengewichteter-Graph\ADS_K8_05_Kantengewichteter-Graph.vcxproj", "{7CBF60C3-513B-4BAC-892E-397001C25543}"
EndProject
Project("{8BC9CEB8-8B4A-11D0-8D11-00A0C91BC942}") = "ADS_K8_06_Prim", "ADS_K8_06_Prim\ADS_K8_06_Prim.vcxproj", "{E63BEC1C-7642-42C3-945E-7A325A808785}"
EndProject
Project("{8BC9CEB8-8B4A-11D0-8D11-00A0C91BC942}") = "ADS_K8_07_Kruskal", "ADS_K8_07_Kruskal\ADS_K8_07_Kruskal.vcxproj", "{7A770873-9F67-4465-8F1D-9D8D17B272A6}"
EndProject
Project("{8BC9CEB8-8B4A-11D0-8D11-00A0C91BC942}") = "ADS_K8_08_Gerichteter-Graph", "ADS_K8_08_Gerichteter-Graph\ADS_K8_Gerichteter-Graph.vcxproj", "{163CB3F5-8D08-4DEB-B339-C43C59628324}"
EndProject
Project("{8BC9CEB8-8B4A-11D0-8D11-00A0C91BC942}") = "ADS_K8_09_DijkstraSP", "ADS_K8_09_DijkstraSP\ADS_K8_09_SP.vcxproj", "{90C8DD50-698F-42CD-8603-C1CF68A1462E}"
EndProject
Project("{2150E333-8FDC-42A3-9474-1A3956D46DE8}") = "ADS Kapitel 7", "ADS Kapitel 7", "{B95D7F7B-CE0C-4642-B75B-4E695C2BDF1C}"
EndProject
Project("{8BC9CEB8-8B4A-11D0-8D11-00A0C91BC942}") = "ADS_K7_01_Hashing", "ADS_K7_01_Hashing\ADS_K7_01_Hashing.vcxproj", "{F7C26A5A-711E-46F7-897F-AD33E125DBC3}"
EndProject
Global
	GlobalSection(SolutionConfigurationPlatforms) = preSolution
		Debug|x64 = Debug|x64
		Debug|x86 = Debug|x86
		Release|x64 = Release|x64
		Release|x86 = Release|x86
	EndGlobalSection
	GlobalSection(ProjectConfigurationPlatforms) = postSolution
		{0C84A936-A1C0-4BB4-AF4F-17B30FC2FD88}.Debug|x64.ActiveCfg = Debug|x64
		{0C84A936-A1C0-4BB4-AF4F-17B30FC2FD88}.Debug|x64.Build.0 = Debug|x64
		{0C84A936-A1C0-4BB4-AF4F-17B30FC2FD88}.Debug|x86.ActiveCfg = Debug|Win32
		{0C84A936-A1C0-4BB4-AF4F-17B30FC2FD88}.Debug|x86.Build.0 = Debug|Win32
		{0C84A936-A1C0-4BB4-AF4F-17B30FC2FD88}.Release|x64.ActiveCfg = Release|x64
		{0C84A936-A1C0-4BB4-AF4F-17B30FC2FD88}.Release|x64.Build.0 = Release|x64
		{0C84A936-A1C0-4BB4-AF4F-17B30FC2FD88}.Release|x86.ActiveCfg = Release|Win32
		{0C84A936-A1C0-4BB4-AF4F-17B30FC2FD88}.Release|x86.Build.0 = Release|Win32
		{EB41D85C-0729-46E7-86BA-CFF5996AAB32}.Debug|x64.ActiveCfg = Debug|x64
		{EB41D85C-0729-46E7-86BA-CFF5996AAB32}.Debug|x64.Build.0 = Debug|x64
		{EB41D85C-0729-46E7-86BA-CFF5996AAB32}.Debug|x86.ActiveCfg = Debug|Win32
		{EB41D85C-0729-46E7-86BA-CFF5996AAB32}.Debug|x86.Build.0 = Debug|Win32
		{EB41D85C-0729-46E7-86BA-CFF5996AAB32}.Release|x64.ActiveCfg = Release|x64
		{EB41D85C-0729-46E7-86BA-CFF5996AAB32}.Release|x64.Build.0 = Release|x64
		{EB41D85C-0729-46E7-86BA-CFF5996AAB32}.Release|x86.ActiveCfg = Release|Win32
		{EB41D85C-0729-46E7-86BA-CFF5996AAB32}.Release|x86.Build.0 = Release|Win32
		{CB47654B-DEFB-4323-A3B9-9CD8351420FA}.Debug|x64.ActiveCfg = Debug|x64
		{CB47654B-DEFB-4323-A3B9-9CD8351420FA}.Debug|x64.Build.0 = Debug|x64
		{CB47654B-DEFB-4323-A3B9-9CD8351420FA}.Debug|x86.ActiveCfg = Debug|Win32
		{CB47654B-DEFB-4323-A3B9-9CD8351420FA}.Debug|x86.Build.0 = Debug|Win32
		{CB47654B-DEFB-4323-A3B9-9CD8351420FA}.Release|x64.ActiveCfg = Release|x64
		{CB47654B-DEFB-4323-A3B9-9CD8351420FA}.Release|x64.Build.0 = Release|x64
		{CB47654B-DEFB-4323-A3B9-9CD8351420FA}.Release|x86.ActiveCfg = Release|Win32
		{CB47654B-DEFB-4323-A3B9-9CD8351420FA}.Release|x86.Build.0 = Release|Win32
		{446FF5D2-07D8-4887-94BD-9821CD6971D8}.Debug|x64.ActiveCfg = Debug|x64
		{446FF5D2-07D8-4887-94BD-9821CD6971D8}.Debug|x64.Build.0 = Debug|x64
		{446FF5D2-07D8-4887-94BD-9821CD6971D8}.Debug|x86.ActiveCfg = Debug|Win32
		{446FF5D2-07D8-4887-94BD-9821CD6971D8}.Debug|x86.Build.0 = Debug|Win32
		{446FF5D2-07D8-4887-94BD-9821CD6971D8}.Release|x64.ActiveCfg = Release|x64
		{446FF5D2-07D8-4887-94BD-9821CD6971D8}.Release|x64.Build.0 = Release|x64
		{446FF5D2-07D8-4887-94BD-9821CD6971D8}.Release|x86.ActiveCfg = Release|Win32
		{446FF5D2-07D8-4887-94BD-9821CD6971D8}.Release|x86.Build.0 = Release|Win32
		{187E40F3-A16E-45B9-9C97-58469BEBC27F}.Debug|x64.ActiveCfg = Debug|x64
		{187E40F3-A16E-45B9-9C97-58469BEBC27F}.Debug|x64.Build.0 = Debug|x64
		{187E40F3-A16E-45B9-9C97-58469BEBC27F}.Debug|x86.ActiveCfg = Debug|Win32
		{187E40F3-A16E-45B9-9C97-58469BEBC27F}.Debug|x86.Build.0 = Debug|Win32
		{187E40F3-A16E-45B9-9C97-58469BEBC27F}.Release|x64.ActiveCfg = Release|x64
		{187E40F3-A16E-45B9-9C97-58469BEBC27F}.Release|x64.Build.0 = Release|x64
		{187E40F3-A16E-45B9-9C97-58469BEBC27F}.Release|x86.ActiveCfg = Release|Win32
		{187E40F3-A16E-45B9-9C97-58469BEBC27F}.Release|x86.Build.0 = Release|Win32
		{4CEC1A9B-8BA0-456E-BB3D-719D02B797C5}.Debug|x64.ActiveCfg = Debug|x64
		{4CEC1A9B-8BA0-456E-BB3D-719D02B797C5}.Debug|x64.Build.0 = Debug|x64
		{4CEC1A9B-8BA0-456E-BB3D-719D02B797C5}.Debug|x86.ActiveCfg = Debug|Win32
		{4CEC1A9B-8BA0-456E-BB3D-719D02B797C5}.Debug|x86.Build.0 = Debug|Win32
		{4CEC1A9B-8BA0-456E-BB3D-719D02B797C5}.Release|x64.ActiveCfg = Release|x64
		{4CEC1A9B-8BA0-456E-BB3D-719D02B797C5}.Release|x64.Build.0 = Release|x64
		{4CEC1A9B-8BA0-456E-BB3D-719D02B797C5}.Release|x86.ActiveCfg = Release|Win32
		{4CEC1A9B-8BA0-456E-BB3D-719D02B797C5}.Release|x86.Build.0 = Release|Win32
		{1D96BA2B-2ABA-493B-A4F9-68960C9C2353}.Debug|x64.ActiveCfg = Debug|x64
		{1D96BA2B-2ABA-493B-A4F9-68960C9C2353}.Debug|x64.Build.0 = Debug|x64
		{1D96BA2B-2ABA-493B-A4F9-68960C9C2353}.Debug|x86.ActiveCfg = Debug|Win32
		{1D96BA2B-2ABA-493B-A4F9-68960C9C2353}.Debug|x86.Build.0 = Debug|Win32
		{1D96BA2B-2ABA-493B-A4F9-68960C9C2353}.Release|x64.ActiveCfg = Release|x64
		{1D96BA2B-2ABA-493B-A4F9-68960C9C2353}.Release|x64.Build.0 = Release|x64
		{1D96BA2B-2ABA-493B-A4F9-68960C9C2353}.Release|x86.ActiveCfg = Release|Win32
		{1D96BA2B-2ABA-493B-A4F9-68960C9C2353}.Release|x86.Build.0 = Release|Win32
		{2C78D854-693E-49B7-9B69-39996CDB6976}.Debug|x64.ActiveCfg = Debug|x64
		{2C78D854-693E-49B7-9B69-39996CDB6976}.Debug|x64.Build.0 = Debug|x64
		{2C78D854-693E-49B7-9B69-39996CDB6976}.Debug|x86.ActiveCfg = Debug|Win32
		{2C78D854-693E-49B7-9B69-39996CDB6976}.Debug|x86.Build.0 = Debug|Win32
		{2C78D854-693E-49B7-9B69-39996CDB6976}.Release|x64.ActiveCfg = Release|x64
		{2C78D854-693E-49B7-9B69-39996CDB6976}.Release|x64.Build.0 = Release|x64
		{2C78D854-693E-49B7-9B69-39996CDB6976}.Release|x86.ActiveCfg = Release|Win32
		{2C78D854-693E-49B7-9B69-39996CDB6976}.Release|x86.Build.0 = Release|Win32
		{1803C8BA-460B-41EA-A915-7E5D643703C5}.Debug|x64.ActiveCfg = Debug|x64
		{1803C8BA-460B-41EA-A915-7E5D643703C5}.Debug|x64.Build.0 = Debug|x64
		{1803C8BA-460B-41EA-A915-7E5D643703C5}.Debug|x86.ActiveCfg = Debug|Win32
		{1803C8BA-460B-41EA-A915-7E5D643703C5}.Debug|x86.Build.0 = Debug|Win32
		{1803C8BA-460B-41EA-A915-7E5D643703C5}.Release|x64.ActiveCfg = Release|x64
		{1803C8BA-460B-41EA-A915-7E5D643703C5}.Release|x64.Build.0 = Release|x64
		{1803C8BA-460B-41EA-A915-7E5D643703C5}.Release|x86.ActiveCfg = Release|Win32
		{1803C8BA-460B-41EA-A915-7E5D643703C5}.Release|x86.Build.0 = Release|Win32
		{59E4E2A3-3BE1-489B-9424-352FB6A71B53}.Debug|x64.ActiveCfg = Debug|x64
		{59E4E2A3-3BE1-489B-9424-352FB6A71B53}.Debug|x64.Build.0 = Debug|x64
		{59E4E2A3-3BE1-489B-9424-352FB6A71B53}.Debug|x86.ActiveCfg = Debug|Win32
		{59E4E2A3-3BE1-489B-9424-352FB6A71B53}.Debug|x86.Build.0 = Debug|Win32
		{59E4E2A3-3BE1-489B-9424-352FB6A71B53}.Release|x64.ActiveCfg = Release|x64
		{59E4E2A3-3BE1-489B-9424-352FB6A71B53}.Release|x64.Build.0 = Release|x64
		{59E4E2A3-3BE1-489B-9424-352FB6A71B53}.Release|x86.ActiveCfg = Release|Win32
		{59E4E2A3-3BE1-489B-9424-352FB6A71B53}.Release|x86.Build.0 = Release|Win32
		{9E63F90D-31C4-421C-88B5-C0AF9B1D9B6E}.Debug|x64.ActiveCfg = Debug|x64
		{9E63F90D-31C4-421C-88B5-C0AF9B1D9B6E}.Debug|x64.Build.0 = Debug|x64
		{9E63F90D-31C4-421C-88B5-C0AF9B1D9B6E}.Debug|x86.ActiveCfg = Debug|Win32
		{9E63F90D-31C4-421C-88B5-C0AF9B1D9B6E}.Debug|x86.Build.0 = Debug|Win32
		{9E63F90D-31C4-421C-88B5-C0AF9B1D9B6E}.Release|x64.ActiveCfg = Release|x64
		{9E63F90D-31C4-421C-88B5-C0AF9B1D9B6E}.Release|x64.Build.0 = Release|x64
		{9E63F90D-31C4-421C-88B5-C0AF9B1D9B6E}.Release|x86.ActiveCfg = Release|Win32
		{9E63F90D-31C4-421C-88B5-C0AF9B1D9B6E}.Release|x86.Build.0 = Release|Win32
		{8B5B747A-29C7-4739-8728-B96188C7B251}.Debug|x64.ActiveCfg = Debug|x64
		{8B5B747A-29C7-4739-8728-B96188C7B251}.Debug|x64.Build.0 = Debug|x64
		{8B5B747A-29C7-4739-8728-B96188C7B251}.Debug|x86.ActiveCfg = Debug|Win32
		{8B5B747A-29C7-4739-8728-B96188C7B251}.Debug|x86.Build.0 = Debug|Win32
		{8B5B747A-29C7-4739-8728-B96188C7B251}.Release|x64.ActiveCfg = Release|x64
		{8B5B747A-29C7-4739-8728-B96188C7B251}.Release|x64.Build.0 = Release|x64
		{8B5B747A-29C7-4739-8728-B96188C7B251}.Release|x86.ActiveCfg = Release|Win32
		{8B5B747A-29C7-4739-8728-B96188C7B251}.Release|x86.Build.0 = Release|Win32
		{A7A43128-2C73-43AC-B471-A6B69CE7F518}.Debug|x64.ActiveCfg = Debug|x64
		{A7A43128-2C73-43AC-B471-A6B69CE7F518}.Debug|x64.Build.0 = Debug|x64
		{A7A43128-2C73-43AC-B471-A6B69CE7F518}.Debug|x86.ActiveCfg = Debug|Win32
		{A7A43128-2C73-43AC-B471-A6B69CE7F518}.Debug|x86.Build.0 = Debug|Win32
		{A7A43128-2C73-43AC-B471-A6B69CE7F518}.Release|x64.ActiveCfg = Release|x64
		{A7A43128-2C73-43AC-B471-A6B69CE7F518}.Release|x64.Build.0 = Release|x64
		{A7A43128-2C73-43AC-B471-A6B69CE7F518}.Release|x86.ActiveCfg = Release|Win32
		{A7A43128-2C73-43AC-B471-A6B69CE7F518}.Release|x86.Build.0 = Release|Win32
		{D7CA3CC2-A666-4AB6-93BD-1DE7125C96B7}.Debug|x64.ActiveCfg = Debug|x64
		{D7CA3CC2-A666-4AB6-93BD-1DE7125C96B7}.Debug|x64.Build.0 = Debug|x64
		{D7CA3CC2-A666-4AB6-93BD-1DE7125C96B7}.Debug|x86.ActiveCfg = Debug|Win32
		{D7CA3CC2-A666-4AB6-93BD-1DE7125C96B7}.Debug|x86.Build.0 = Debug|Win32
		{D7CA3CC2-A666-4AB6-93BD-1DE7125C96B7}.Release|x64.ActiveCfg = Release|x64
		{D7CA3CC2-A666-4AB6-93BD-1DE7125C96B7}.Release|x64.Build.0 = Release|x64
		{D7CA3CC2-A666-4AB6-93BD-1DE7125C96B7}.Release|x86.ActiveCfg = Release|Win32
		{D7CA3CC2-A666-4AB6-93BD-1DE7125C96B7}.Release|x86.Build.0 = Release|Win32
		{6C2FC144-7D90-4FA7-9FD3-F77B8BE23E6F}.Debug|x64.ActiveCfg = Debug|x64
		{6C2FC144-7D90-4FA7-9FD3-F77B8BE23E6F}.Debug|x64.Build.0 = Debug|x64
		{6C2FC144-7D90-4FA7-9FD3-F77B8BE23E6F}.Debug|x86.ActiveCfg = Debug|Win32
		{6C2FC144-7D90-4FA7-9FD3-F77B8BE23E6F}.Debug|x86.Build.0 = Debug|Win32
		{6C2FC144-7D90-4FA7-9FD3-F77B8BE23E6F}.Release|x64.ActiveCfg = Release|x64
		{6C2FC144-7D90-4FA7-9FD3-F77B8BE23E6F}.Release|x64.Build.0 = Release|x64
		{6C2FC144-7D90-4FA7-9FD3-F77B8BE23E6F}.Release|x86.ActiveCfg = Release|Win32
		{6C2FC144-7D90-4FA7-9FD3-F77B8BE23E6F}.Release|x86.Build.0 = Release|Win32
		{C9006539-D527-4F6E-81FD-A84571C19991}.Debug|x64.ActiveCfg = Debug|x64
		{C9006539-D527-4F6E-81FD-A84571C19991}.Debug|x64.Build.0 = Debug|x64
		{C9006539-D527-4F6E-81FD-A84571C19991}.Debug|x86.ActiveCfg = Debug|Win32
		{C9006539-D527-4F6E-81FD-A84571C19991}.Debug|x86.Build.0 = Debug|Win32
		{C9006539-D527-4F6E-81FD-A84571C19991}.Release|x64.ActiveCfg = Release|x64
		{C9006539-D527-4F6E-81FD-A84571C19991}.Release|x64.Build.0 = Release|x64
		{C9006539-D527-4F6E-81FD-A84571C19991}.Release|x86.ActiveCfg = Release|Win32
		{C9006539-D527-4F6E-81FD-A84571C19991}.Release|x86.Build.0 = Release|Win32
		{4016FE95-DE80-4D0A-9378-C611AEC634B7}.Debug|x64.ActiveCfg = Debug|x64
		{4016FE95-DE80-4D0A-9378-C611AEC634B7}.Debug|x64.Build.0 = Debug|x64
		{4016FE95-DE80-4D0A-9378-C611AEC634B7}.Debug|x86.ActiveCfg = Debug|Win32
		{4016FE95-DE80-4D0A-9378-C611AEC634B7}.Debug|x86.Build.0 = Debug|Win32
		{4016FE95-DE80-4D0A-9378-C611AEC634B7}.Release|x64.ActiveCfg = Release|x64
		{4016FE95-DE80-4D0A-9378-C611AEC634B7}.Release|x64.Build.0 = Release|x64
		{4016FE95-DE80-4D0A-9378-C611AEC634B7}.Release|x86.ActiveCfg = Release|Win32
		{4016FE95-DE80-4D0A-9378-C611AEC634B7}.Release|x86.Build.0 = Release|Win32
		{0A2C89CB-2ABE-42EA-9C7F-376387651FCD}.Debug|x64.ActiveCfg = Debug|x64
		{0A2C89CB-2ABE-42EA-9C7F-376387651FCD}.Debug|x64.Build.0 = Debug|x64
		{0A2C89CB-2ABE-42EA-9C7F-376387651FCD}.Debug|x86.ActiveCfg = Debug|Win32
		{0A2C89CB-2ABE-42EA-9C7F-376387651FCD}.Debug|x86.Build.0 = Debug|Win32
		{0A2C89CB-2ABE-42EA-9C7F-376387651FCD}.Release|x64.ActiveCfg = Release|x64
		{0A2C89CB-2ABE-42EA-9C7F-376387651FCD}.Release|x64.Build.0 = Release|x64
		{0A2C89CB-2ABE-42EA-9C7F-376387651FCD}.Release|x86.ActiveCfg = Release|Win32
		{0A2C89CB-2ABE-42EA-9C7F-376387651FCD}.Release|x86.Build.0 = Release|Win32
		{115C8BBB-F2DE-477E-8043-AEC9306675FE}.Debug|x64.ActiveCfg = Debug|x64
		{115C8BBB-F2DE-477E-8043-AEC9306675FE}.Debug|x64.Build.0 = Debug|x64
		{115C8BBB-F2DE-477E-8043-AEC9306675FE}.Debug|x86.ActiveCfg = Debug|Win32
		{115C8BBB-F2DE-477E-8043-AEC9306675FE}.Debug|x86.Build.0 = Debug|Win32
		{115C8BBB-F2DE-477E-8043-AEC9306675FE}.Release|x64.ActiveCfg = Release|x64
		{115C8BBB-F2DE-477E-8043-AEC9306675FE}.Release|x64.Build.0 = Release|x64
		{115C8BBB-F2DE-477E-8043-AEC9306675FE}.Release|x86.ActiveCfg = Release|Win32
		{115C8BBB-F2DE-477E-8043-AEC9306675FE}.Release|x86.Build.0 = Release|Win32
		{40E24BF5-E9CD-468C-9159-92B224AF8E75}.Debug|x64.ActiveCfg = Debug|x64
		{40E24BF5-E9CD-468C-9159-92B224AF8E75}.Debug|x64.Build.0 = Debug|x64
		{40E24BF5-E9CD-468C-9159-92B224AF8E75}.Debug|x86.ActiveCfg = Debug|Win32
		{40E24BF5-E9CD-468C-9159-92B224AF8E75}.Debug|x86.Build.0 = Debug|Win32
		{40E24BF5-E9CD-468C-9159-92B224AF8E75}.Release|x64.ActiveCfg = Release|x64
		{40E24BF5-E9CD-468C-9159-92B224AF8E75}.Release|x64.Build.0 = Release|x64
		{40E24BF5-E9CD-468C-9159-92B224AF8E75}.Release|x86.ActiveCfg = Release|Win32
		{40E24BF5-E9CD-468C-9159-92B224AF8E75}.Release|x86.Build.0 = Release|Win32
		{54FDA801-6B93-46A5-BEB9-0C7D820E4AFD}.Debug|x64.ActiveCfg = Debug|x64
		{54FDA801-6B93-46A5-BEB9-0C7D820E4AFD}.Debug|x64.Build.0 = Debug|x64
		{54FDA801-6B93-46A5-BEB9-0C7D820E4AFD}.Debug|x86.ActiveCfg = Debug|Win32
		{54FDA801-6B93-46A5-BEB9-0C7D820E4AFD}.Debug|x86.Build.0 = Debug|Win32
		{54FDA801-6B93-46A5-BEB9-0C7D820E4AFD}.Release|x64.ActiveCfg = Release|x64
		{54FDA801-6B93-46A5-BEB9-0C7D820E4AFD}.Release|x64.Build.0 = Release|x64
		{54FDA801-6B93-46A5-BEB9-0C7D820E4AFD}.Release|x86.ActiveCfg = Release|Win32
		{54FDA801-6B93-46A5-BEB9-0C7D820E4AFD}.Release|x86.Build.0 = Release|Win32
		{BD93534F-44CB-444A-8B8C-A4D90881E888}.Debug|x64.ActiveCfg = Debug|x64
		{BD93534F-44CB-444A-8B8C-A4D90881E888}.Debug|x64.Build.0 = Debug|x64
		{BD93534F-44CB-444A-8B8C-A4D90881E888}.Debug|x86.ActiveCfg = Debug|Win32
		{BD93534F-44CB-444A-8B8C-A4D90881E888}.Debug|x86.Build.0 = Debug|Win32
		{BD93534F-44CB-444A-8B8C-A4D90881E888}.Release|x64.ActiveCfg = Release|x64
		{BD93534F-44CB-444A-8B8C-A4D90881E888}.Release|x64.Build.0 = Release|x64
		{BD93534F-44CB-444A-8B8C-A4D90881E888}.Release|x86.ActiveCfg = Release|Win32
		{BD93534F-44CB-444A-8B8C-A4D90881E888}.Release|x86.Build.0 = Release|Win32
		{BB3EE7C3-13EA-4CE1-A06B-E9727DFEE787}.Debug|x64.ActiveCfg = Debug|x64
		{BB3EE7C3-13EA-4CE1-A06B-E9727DFEE787}.Debug|x64.Build.0 = Debug|x64
		{BB3EE7C3-13EA-4CE1-A06B-E9727DFEE787}.Debug|x86.ActiveCfg = Debug|Win32
		{BB3EE7C3-13EA-4CE1-A06B-E9727DFEE787}.Debug|x86.Build.0 = Debug|Win32
		{BB3EE7C3-13EA-4CE1-A06B-E9727DFEE787}.Release|x64.ActiveCfg = Release|x64
		{BB3EE7C3-13EA-4CE1-A06B-E9727DFEE787}.Release|x64.Build.0 = Release|x64
		{BB3EE7C3-13EA-4CE1-A06B-E9727DFEE787}.Release|x86.ActiveCfg = Release|Win32
		{BB3EE7C3-13EA-4CE1-A06B-E9727DFEE787}.Release|x86.Build.0 = Release|Win32
		{88D53BAE-8EB7-4A14-9053-39875859DD0F}.Debug|x64.ActiveCfg = Debug|x64
		{88D53BAE-8EB7-4A14-9053-39875859DD0F}.Debug|x64.Build.0 = Debug|x64
		{88D53BAE-8EB7-4A14-9053-39875859DD0F}.Debug|x86.ActiveCfg = Debug|Win32
		{88D53BAE-8EB7-4A14-9053-39875859DD0F}.Debug|x86.Build.0 = Debug|Win32
		{88D53BAE-8EB7-4A14-9053-39875859DD0F}.Release|x64.ActiveCfg = Release|x64
		{88D53BAE-8EB7-4A14-9053-39875859DD0F}.Release|x64.Build.0 = Release|x64
		{88D53BAE-8EB7-4A14-9053-39875859DD0F}.Release|x86.ActiveCfg = Release|Win32
		{88D53BAE-8EB7-4A14-9053-39875859DD0F}.Release|x86.Build.0 = Release|Win32
		{4A01704F-2BDE-4301-A545-5366686A25C3}.Debug|x64.ActiveCfg = Debug|x64
		{4A01704F-2BDE-4301-A545-5366686A25C3}.Debug|x64.Build.0 = Debug|x64
		{4A01704F-2BDE-4301-A545-5366686A25C3}.Debug|x86.ActiveCfg = Debug|Win32
		{4A01704F-2BDE-4301-A545-5366686A25C3}.Debug|x86.Build.0 = Debug|Win32
		{4A01704F-2BDE-4301-A545-5366686A25C3}.Release|x64.ActiveCfg = Release|x64
		{4A01704F-2BDE-4301-A545-5366686A25C3}.Release|x64.Build.0 = Release|x64
		{4A01704F-2BDE-4301-A545-5366686A25C3}.Release|x86.ActiveCfg = Release|Win32
		{4A01704F-2BDE-4301-A545-5366686A25C3}.Release|x86.Build.0 = Release|Win32
		{60480E41-F5C6-4A9A-81A3-DEDE438A3183}.Debug|x64.ActiveCfg = Debug|x64
		{60480E41-F5C6-4A9A-81A3-DEDE438A3183}.Debug|x64.Build.0 = Debug|x64
		{60480E41-F5C6-4A9A-81A3-DEDE438A3183}.Debug|x86.ActiveCfg = Debug|Win32
		{60480E41-F5C6-4A9A-81A3-DEDE438A3183}.Debug|x86.Build.0 = Debug|Win32
		{60480E41-F5C6-4A9A-81A3-DEDE438A3183}.Release|x64.ActiveCfg = Release|x64
		{60480E41-F5C6-4A9A-81A3-DEDE438A3183}.Release|x64.Build.0 = Release|x64
		{60480E41-F5C6-4A9A-81A3-DEDE438A3183}.Release|x86.ActiveCfg = Release|Win32
		{60480E41-F5C6-4A9A-81A3-DEDE438A3183}.Release|x86.Build.0 = Release|Win32
		{215ECF47-739D-4A8F-9B09-3AF86C697238}.Debug|x64.ActiveCfg = Debug|x64
		{215ECF47-739D-4A8F-9B09-3AF86C697238}.Debug|x64.Build.0 = Debug|x64
		{215ECF47-739D-4A8F-9B09-3AF86C697238}.Debug|x86.ActiveCfg = Debug|Win32
		{215ECF47-739D-4A8F-9B09-3AF86C697238}.Debug|x86.Build.0 = Debug|Win32
		{215ECF47-739D-4A8F-9B09-3AF86C697238}.Release|x64.ActiveCfg = Release|x64
		{215ECF47-739D-4A8F-9B09-3AF86C697238}.Release|x64.Build.0 = Release|x64
		{215ECF47-739D-4A8F-9B09-3AF86C697238}.Release|x86.ActiveCfg = Release|Win32
		{215ECF47-739D-4A8F-9B09-3AF86C697238}.Release|x86.Build.0 = Release|Win32
		{64B6C2B6-1AF8-411D-A041-D9B1C0797FAB}.Debug|x64.ActiveCfg = Debug|x64
		{64B6C2B6-1AF8-411D-A041-D9B1C0797FAB}.Debug|x64.Build.0 = Debug|x64
		{64B6C2B6-1AF8-411D-A041-D9B1C0797FAB}.Debug|x86.ActiveCfg = Debug|Win32
		{64B6C2B6-1AF8-411D-A041-D9B1C0797FAB}.Debug|x86.Build.0 = Debug|Win32
		{64B6C2B6-1AF8-411D-A041-D9B1C0797FAB}.Release|x64.ActiveCfg = Release|x64
		{64B6C2B6-1AF8-411D-A041-D9B1C0797FAB}.Release|x64.Build.0 = Release|x64
		{64B6C2B6-1AF8-411D-A041-D9B1C0797FAB}.Release|x86.ActiveCfg = Release|Win32
		{64B6C2B6-1AF8-411D-A041-D9B1C0797FAB}.Release|x86.Build.0 = Release|Win32
		{F1F1F261-5398-4074-8BCF-FEB59673CF04}.Debug|x64.ActiveCfg = Debug|x64
		{F1F1F261-5398-4074-8BCF-FEB59673CF04}.Debug|x64.Build.0 = Debug|x64
		{F1F1F261-5398-4074-8BCF-FEB59673CF04}.Debug|x86.ActiveCfg = Debug|Win32
		{F1F1F261-5398-4074-8BCF-FEB59673CF04}.Debug|x86.Build.0 = Debug|Win32
		{F1F1F261-5398-4074-8BCF-FEB59673CF04}.Release|x64.ActiveCfg = Release|x64
		{F1F1F261-5398-4074-8BCF-FEB59673CF04}.Release|x64.Build.0 = Release|x64
		{F1F1F261-5398-4074-8BCF-FEB59673CF04}.Release|x86.ActiveCfg = Release|Win32
		{F1F1F261-5398-4074-8BCF-FEB59673CF04}.Release|x86.Build.0 = Release|Win32
		{C1615EF7-D79B-46A2-9404-42DD162EADD4}.Debug|x64.ActiveCfg = Debug|x64
		{C1615EF7-D79B-46A2-9404-42DD162EADD4}.Debug|x64.Build.0 = Debug|x64
		{C1615EF7-D79B-46A2-9404-42DD162EADD4}.Debug|x86.ActiveCfg = Debug|Win32
		{C1615EF7-D79B-46A2-9404-42DD162EADD4}.Debug|x86.Build.0 = Debug|Win32
		{C1615EF7-D79B-46A2-9404-42DD162EADD4}.Release|x64.ActiveCfg = Release|x64
		{C1615EF7-D79B-46A2-9404-42DD162EADD4}.Release|x64.Build.0 = Release|x64
		{C1615EF7-D79B-46A2-9404-42DD162EADD4}.Release|x86.ActiveCfg = Release|Win32
		{C1615EF7-D79B-46A2-9404-42DD162EADD4}.Release|x86.Build.0 = Release|Win32
		{F2C67BBC-EC5D-4F20-8EF0-D3D2FACED51F}.Debug|x64.ActiveCfg = Debug|x64
		{F2C67BBC-EC5D-4F20-8EF0-D3D2FACED51F}.Debug|x64.Build.0 = Debug|x64
		{F2C67BBC-EC5D-4F20-8EF0-D3D2FACED51F}.Debug|x86.ActiveCfg = Debug|Win32
		{F2C67BBC-EC5D-4F20-8EF0-D3D2FACED51F}.Debug|x86.Build.0 = Debug|Win32
		{F2C67BBC-EC5D-4F20-8EF0-D3D2FACED51F}.Release|x64.ActiveCfg = Release|x64
		{F2C67BBC-EC5D-4F20-8EF0-D3D2FACED51F}.Release|x64.Build.0 = Release|x64
		{F2C67BBC-EC5D-4F20-8EF0-D3D2FACED51F}.Release|x86.ActiveCfg = Release|Win32
		{F2C67BBC-EC5D-4F20-8EF0-D3D2FACED51F}.Release|x86.Build.0 = Release|Win32
		{7CBF60C3-513B-4BAC-892E-397001C25543}.Debug|x64.ActiveCfg = Debug|x64
		{7CBF60C3-513B-4BAC-892E-397001C25543}.Debug|x64.Build.0 = Debug|x64
		{7CBF60C3-513B-4BAC-892E-397001C25543}.Debug|x86.ActiveCfg = Debug|Win32
		{7CBF60C3-513B-4BAC-892E-397001C25543}.Debug|x86.Build.0 = Debug|Win32
		{7CBF60C3-513B-4BAC-892E-397001C25543}.Release|x64.ActiveCfg = Release|x64
		{7CBF60C3-513B-4BAC-892E-397001C25543}.Release|x64.Build.0 = Release|x64
		{7CBF60C3-513B-4BAC-892E-397001C25543}.Release|x86.ActiveCfg = Release|Win32
		{7CBF60C3-513B-4BAC-892E-397001C25543}.Release|x86.Build.0 = Release|Win32
		{E63BEC1C-7642-42C3-945E-7A325A808785}.Debug|x64.ActiveCfg = Debug|x64
		{E63BEC1C-7642-42C3-945E-7A325A808785}.Debug|x64.Build.0 = Debug|x64
		{E63BEC1C-7642-42C3-945E-7A325A808785}.Debug|x86.ActiveCfg = Debug|Win32
		{E63BEC1C-7642-42C3-945E-7A325A808785}.Debug|x86.Build.0 = Debug|Win32
		{E63BEC1C-7642-42C3-945E-7A325A808785}.Release|x64.ActiveCfg = Release|x64
		{E63BEC1C-7642-42C3-945E-7A325A808785}.Release|x64.Build.0 = Release|x64
		{E63BEC1C-7642-42C3-945E-7A325A808785}.Release|x86.ActiveCfg = Release|Win32
		{E63BEC1C-7642-42C3-945E-7A325A808785}.Release|x86.Build.0 = Release|Win32
		{7A770873-9F67-4465-8F1D-9D8D17B272A6}.Debug|x64.ActiveCfg = Debug|x64
		{7A770873-9F67-4465-8F1D-9D8D17B272A6}.Debug|x64.Build.0 = Debug|x64
		{7A770873-9F67-4465-8F1D-9D8D17B272A6}.Debug|x86.ActiveCfg = Debug|Win32
		{7A770873-9F67-4465-8F1D-9D8D17B272A6}.Debug|x86.Build.0 = Debug|Win32
		{7A770873-9F67-4465-8F1D-9D8D17B272A6}.Release|x64.ActiveCfg = Release|x64
		{7A770873-9F67-4465-8F1D-9D8D17B272A6}.Release|x64.Build.0 = Release|x64
		{7A770873-9F67-4465-8F1D-9D8D17B272A6}.Release|x86.ActiveCfg = Release|Win32
		{7A770873-9F67-4465-8F1D-9D8D17B272A6}.Release|x86.Build.0 = Release|Win32
		{163CB3F5-8D08-4DEB-B339-C43C59628324}.Debug|x64.ActiveCfg = Debug|x64
		{163CB3F5-8D08-4DEB-B339-C43C59628324}.Debug|x64.Build.0 = Debug|x64
		{163CB3F5-8D08-4DEB-B339-C43C59628324}.Debug|x86.ActiveCfg = Debug|Win32
		{163CB3F5-8D08-4DEB-B339-C43C59628324}.Debug|x86.Build.0 = Debug|Win32
		{163CB3F5-8D08-4DEB-B339-C43C59628324}.Release|x64.ActiveCfg = Release|x64
		{163CB3F5-8D08-4DEB-B339-C43C59628324}.Release|x64.Build.0 = Release|x64
		{163CB3F5-8D08-4DEB-B339-C43C59628324}.Release|x86.ActiveCfg = Release|Win32
		{163CB3F5-8D08-4DEB-B339-C43C59628324}.Release|x86.Build.0 = Release|Win32
		{90C8DD50-698F-42CD-8603-C1CF68A1462E}.Debug|x64.ActiveCfg = Debug|x64
		{90C8DD50-698F-42CD-8603-C1CF68A1462E}.Debug|x64.Build.0 = Debug|x64
		{90C8DD50-698F-42CD-8603-C1CF68A1462E}.Debug|x86.ActiveCfg = Debug|Win32
		{90C8DD50-698F-42CD-8603-C1CF68A1462E}.Debug|x86.Build.0 = Debug|Win32
		{90C8DD50-698F-42CD-8603-C1CF68A1462E}.Release|x64.ActiveCfg = Release|x64
		{90C8DD50-698F-42CD-8603-C1CF68A1462E}.Release|x64.Build.0 = Release|x64
		{90C8DD50-698F-42CD-8603-C1CF68A1462E}.Release|x86.ActiveCfg = Release|Win32
		{90C8DD50-698F-42CD-8603-C1CF68A1462E}.Release|x86.Build.0 = Release|Win32
		{F7C26A5A-711E-46F7-897F-AD33E125DBC3}.Debug|x64.ActiveCfg = Debug|x64
		{F7C26A5A-711E-46F7-897F-AD33E125DBC3}.Debug|x64.Build.0 = Debug|x64
		{F7C26A5A-711E-46F7-897F-AD33E125DBC3}.Debug|x86.ActiveCfg = Debug|Win32
		{F7C26A5A-711E-46F7-897F-AD33E125DBC3}.Debug|x86.Build.0 = Debug|Win32
		{F7C26A5A-711E-46F7-897F-AD33E125DBC3}.Release|x64.ActiveCfg = Release|x64
		{F7C26A5A-711E-46F7-897F-AD33E125DBC3}.Release|x64.Build.0 = Release|x64
		{F7C26A5A-711E-46F7-897F-AD33E125DBC3}.Release|x86.ActiveCfg = Release|Win32
		{F7C26A5A-711E-46F7-897F-AD33E125DBC3}.Release|x86.Build.0 = Release|Win32
	EndGlobalSection
	GlobalSection(SolutionProperties) = preSolution
		HideSolutionNode = FALSE
	EndGlobalSection
	GlobalSection(NestedProjects) = preSolution
		{0C84A936-A1C0-4BB4-AF4F-17B30FC2FD88} = {3643223D-1656-455A-872A-2AF05A32D54B}
		{EB41D85C-0729-46E7-86BA-CFF5996AAB32} = {3643223D-1656-455A-872A-2AF05A32D54B}
		{CB47654B-DEFB-4323-A3B9-9CD8351420FA} = {B1235878-B151-4CD7-BD55-74926E1537EF}
		{446FF5D2-07D8-4887-94BD-9821CD6971D8} = {B1235878-B151-4CD7-BD55-74926E1537EF}
		{187E40F3-A16E-45B9-9C97-58469BEBC27F} = {B1235878-B151-4CD7-BD55-74926E1537EF}
		{4CEC1A9B-8BA0-456E-BB3D-719D02B797C5} = {B1235878-B151-4CD7-BD55-74926E1537EF}
		{1D96BA2B-2ABA-493B-A4F9-68960C9C2353} = {B1235878-B151-4CD7-BD55-74926E1537EF}
		{2C78D854-693E-49B7-9B69-39996CDB6976} = {B1235878-B151-4CD7-BD55-74926E1537EF}
		{1803C8BA-460B-41EA-A915-7E5D643703C5} = {3643223D-1656-455A-872A-2AF05A32D54B}
		{59E4E2A3-3BE1-489B-9424-352FB6A71B53} = {3643223D-1656-455A-872A-2AF05A32D54B}
		{9E63F90D-31C4-421C-88B5-C0AF9B1D9B6E} = {0F9424F1-C938-4B0A-B4C4-F5E52BB36D6C}
		{8B5B747A-29C7-4739-8728-B96188C7B251} = {0F9424F1-C938-4B0A-B4C4-F5E52BB36D6C}
		{A7A43128-2C73-43AC-B471-A6B69CE7F518} = {0F9424F1-C938-4B0A-B4C4-F5E52BB36D6C}
		{D7CA3CC2-A666-4AB6-93BD-1DE7125C96B7} = {0F9424F1-C938-4B0A-B4C4-F5E52BB36D6C}
		{6C2FC144-7D90-4FA7-9FD3-F77B8BE23E6F} = {0F9424F1-C938-4B0A-B4C4-F5E52BB36D6C}
		{C9006539-D527-4F6E-81FD-A84571C19991} = {B1235878-B151-4CD7-BD55-74926E1537EF}
		{4016FE95-DE80-4D0A-9378-C611AEC634B7} = {B1235878-B151-4CD7-BD55-74926E1537EF}
		{0A2C89CB-2ABE-42EA-9C7F-376387651FCD} = {B1235878-B151-4CD7-BD55-74926E1537EF}
		{115C8BBB-F2DE-477E-8043-AEC9306675FE} = {8A6B8412-0B86-4B48-8FE6-45A7E5DD6B0A}
		{40E24BF5-E9CD-468C-9159-92B224AF8E75} = {C5295D46-938C-4785-A685-BB1D4DD8813B}
		{54FDA801-6B93-46A5-BEB9-0C7D820E4AFD} = {6A1BDE1C-1C84-4552-9B27-0685A3A4FA55}
		{BD93534F-44CB-444A-8B8C-A4D90881E888} = {6A1BDE1C-1C84-4552-9B27-0685A3A4FA55}
		{BB3EE7C3-13EA-4CE1-A06B-E9727DFEE787} = {B1235878-B151-4CD7-BD55-74926E1537EF}
		{88D53BAE-8EB7-4A14-9053-39875859DD0F} = {B1235878-B151-4CD7-BD55-74926E1537EF}
		{4A01704F-2BDE-4301-A545-5366686A25C3} = {B1235878-B151-4CD7-BD55-74926E1537EF}
		{60480E41-F5C6-4A9A-81A3-DEDE438A3183} = {0F9424F1-C938-4B0A-B4C4-F5E52BB36D6C}
		{215ECF47-739D-4A8F-9B09-3AF86C697238} = {0F9424F1-C938-4B0A-B4C4-F5E52BB36D6C}
		{64B6C2B6-1AF8-411D-A041-D9B1C0797FAB} = {B2C096F1-5461-466A-A8B1-BED079D99C69}
		{F1F1F261-5398-4074-8BCF-FEB59673CF04} = {B2C096F1-5461-466A-A8B1-BED079D99C69}
		{C1615EF7-D79B-46A2-9404-42DD162EADD4} = {B2C096F1-5461-466A-A8B1-BED079D99C69}
		{F2C67BBC-EC5D-4F20-8EF0-D3D2FACED51F} = {B2C096F1-5461-466A-A8B1-BED079D99C69}
		{7CBF60C3-513B-4BAC-892E-397001C25543} = {B2C096F1-5461-466A-A8B1-BED079D99C69}
		{E63BEC1C-7642-42C3-945E-7A325A808785} = {B2C096F1-5461-466A-A8B1-BED079D99C69}
		{7A770873-9F67-4465-8F1D-9D8D17B272A6} = {B2C096F1-5461-466A-A8B1-BED079D99C69}
		{163CB3F5-8D08-4DEB-B339-C43C59628324} = {B2C096F1-5461-466A-A8B1-BED079D99C69}
		{90C8DD50-698F-42CD-8603-C1CF68A1462E} = {B2C096F1-5461-466A-A8B1-BED079D99C69}
		{F7C26A5A-711E-46F7-897F-AD33E125DBC3} = {B95D7F7B-CE0C-4642-B75B-4E695C2BDF1C}
	EndGlobalSection
	GlobalSection(ExtensibilityGlobals) = postSolution
		SolutionGuid = {2652BD28-1B23-4D56-8C4E-A46C1EA0AE00}
	EndGlobalSection
EndGlobal
